
Microsoft Visual Studio Solution File, Format Version 12.00
# Visual Studio 15
VisualStudioVersion = 15.0.28307.1340
MinimumVisualStudioVersion = 10.0.40219.1
Project("{8BC9CEB8-8B4A-11D0-8D11-00A0C91BC942}") = "05_04_ex", "05_04_ex\05_04_ex.vcxproj", "{DCE33BE0-5E8F-4442-A22A-5DF1CA6CCA2B}"
EndProject
Global
	GlobalSection(SolutionConfigurationPlatforms) = preSolution
		Debug|x64 = Debug|x64
		Debug|x86 = Debug|x86
		Release|x64 = Release|x64
		Release|x86 = Release|x86
	EndGlobalSection
	GlobalSection(ProjectConfigurationPlatforms) = postSolution
		{DCE33BE0-5E8F-4442-A22A-5DF1CA6CCA2B}.Debug|x64.ActiveCfg = Debug|x64
		{DCE33BE0-5E8F-4442-A22A-5DF1CA6CCA2B}.Debug|x64.Build.0 = Debug|x64
		{DCE33BE0-5E8F-4442-A22A-5DF1CA6CCA2B}.Debug|x86.ActiveCfg = Debug|Win32
		{DCE33BE0-5E8F-4442-A22A-5DF1CA6CCA2B}.Debug|x86.Build.0 = Debug|Win32
		{DCE33BE0-5E8F-4442-A22A-5DF1CA6CCA2B}.Release|x64.ActiveCfg = Release|x64
		{DCE33BE0-5E8F-4442-A22A-5DF1CA6CCA2B}.Release|x64.Build.0 = Release|x64
		{DCE33BE0-5E8F-4442-A22A-5DF1CA6CCA2B}.Release|x86.ActiveCfg = Release|Win32
		{DCE33BE0-5E8F-4442-A22A-5DF1CA6CCA2B}.Release|x86.Build.0 = Release|Win32
	EndGlobalSection
	GlobalSection(SolutionProperties) = preSolution
		HideSolutionNode = FALSE
	EndGlobalSection
	GlobalSection(ExtensibilityGlobals) = postSolution
		SolutionGuid = {BF8D8A7D-E6CA-4804-AE67-788368DC0980}
	EndGlobalSection
EndGlobal
