
Microsoft Visual Studio Solution File, Format Version 12.00
# Visual Studio 15
VisualStudioVersion = 15.0.28307.1340
MinimumVisualStudioVersion = 10.0.40219.1
Project("{8BC9CEB8-8B4A-11D0-8D11-00A0C91BC942}") = "04_20_ex", "04_20_ex\04_20_ex.vcxproj", "{B9522CEE-333F-465C-A123-546E671679D6}"
EndProject
Global
	GlobalSection(SolutionConfigurationPlatforms) = preSolution
		Debug|x64 = Debug|x64
		Debug|x86 = Debug|x86
		Release|x64 = Release|x64
		Release|x86 = Release|x86
	EndGlobalSection
	GlobalSection(ProjectConfigurationPlatforms) = postSolution
		{B9522CEE-333F-465C-A123-546E671679D6}.Debug|x64.ActiveCfg = Debug|x64
		{B9522CEE-333F-465C-A123-546E671679D6}.Debug|x64.Build.0 = Debug|x64
		{B9522CEE-333F-465C-A123-546E671679D6}.Debug|x86.ActiveCfg = Debug|Win32
		{B9522CEE-333F-465C-A123-546E671679D6}.Debug|x86.Build.0 = Debug|Win32
		{B9522CEE-333F-465C-A123-546E671679D6}.Release|x64.ActiveCfg = Release|x64
		{B9522CEE-333F-465C-A123-546E671679D6}.Release|x64.Build.0 = Release|x64
		{B9522CEE-333F-465C-A123-546E671679D6}.Release|x86.ActiveCfg = Release|Win32
		{B9522CEE-333F-465C-A123-546E671679D6}.Release|x86.Build.0 = Release|Win32
	EndGlobalSection
	GlobalSection(SolutionProperties) = preSolution
		HideSolutionNode = FALSE
	EndGlobalSection
	GlobalSection(ExtensibilityGlobals) = postSolution
		SolutionGuid = {F6C7AB8A-A4A3-436C-B6C6-AD1C009A20B1}
	EndGlobalSection
EndGlobal
